
Microsoft Visual Studio Solution File, Format Version 12.00
# Visual Studio 15
VisualStudioVersion = 15.0.27130.2010
MinimumVisualStudioVersion = 10.0.40219.1
Project("{FAE04EC0-301F-11D3-BF4B-00C04F79EFBC}") = "BomBom.Android", "BomBom\BomBom.Android\BomBom.Android.csproj", "{20746D54-9D4B-4D6F-AD5A-7FE5847CA02E}"
EndProject
Project("{FAE04EC0-301F-11D3-BF4B-00C04F79EFBC}") = "BomBom", "BomBom\BomBom\BomBom.csproj", "{E889FBF4-2648-4CCF-8122-D8FAE4698BF8}"
EndProject
Global
	GlobalSection(SolutionConfigurationPlatforms) = preSolution
		Debug|Any CPU = Debug|Any CPU
		Release|Any CPU = Release|Any CPU
	EndGlobalSection
	GlobalSection(ProjectConfigurationPlatforms) = postSolution
		{20746D54-9D4B-4D6F-AD5A-7FE5847CA02E}.Debug|Any CPU.ActiveCfg = Debug|Any CPU
		{20746D54-9D4B-4D6F-AD5A-7FE5847CA02E}.Debug|Any CPU.Build.0 = Debug|Any CPU
		{20746D54-9D4B-4D6F-AD5A-7FE5847CA02E}.Debug|Any CPU.Deploy.0 = Debug|Any CPU
		{20746D54-9D4B-4D6F-AD5A-7FE5847CA02E}.Release|Any CPU.ActiveCfg = Release|Any CPU
		{20746D54-9D4B-4D6F-AD5A-7FE5847CA02E}.Release|Any CPU.Build.0 = Release|Any CPU
		{20746D54-9D4B-4D6F-AD5A-7FE5847CA02E}.Release|Any CPU.Deploy.0 = Release|Any CPU
		{E889FBF4-2648-4CCF-8122-D8FAE4698BF8}.Debug|Any CPU.ActiveCfg = Debug|Any CPU
		{E889FBF4-2648-4CCF-8122-D8FAE4698BF8}.Debug|Any CPU.Build.0 = Debug|Any CPU
		{E889FBF4-2648-4CCF-8122-D8FAE4698BF8}.Release|Any CPU.ActiveCfg = Release|Any CPU
		{E889FBF4-2648-4CCF-8122-D8FAE4698BF8}.Release|Any CPU.Build.0 = Release|Any CPU
	EndGlobalSection
	GlobalSection(SolutionProperties) = preSolution
		HideSolutionNode = FALSE
	EndGlobalSection
	GlobalSection(ExtensibilityGlobals) = postSolution
		SolutionGuid = {CAF33951-7DE2-48EA-A55A-AF8C6EFEBE43}
	EndGlobalSection
EndGlobal
